// !$*UTF8*$!
{
	archiveVersion = 1;
	classes = {
	};
	objectVersion = 50;
	objects = {

/* Begin PBXBuildFile section */
		52B237C024D645E10081BF55 /* AppDelegate.swift in Sources */ = {isa = PBXBuildFile; fileRef = 52B237BF24D645E10081BF55 /* AppDelegate.swift */; };
		52B237C224D645E10081BF55 /* SceneDelegate.swift in Sources */ = {isa = PBXBuildFile; fileRef = 52B237C124D645E10081BF55 /* SceneDelegate.swift */; };
		52B237C624D645E20081BF55 /* Assets.xcassets in Resources */ = {isa = PBXBuildFile; fileRef = 52B237C524D645E20081BF55 /* Assets.xcassets */; };
		52B237C924D645E20081BF55 /* Preview Assets.xcassets in Resources */ = {isa = PBXBuildFile; fileRef = 52B237C824D645E20081BF55 /* Preview Assets.xcassets */; };
		52B237CC24D645E20081BF55 /* LaunchScreen.storyboard in Resources */ = {isa = PBXBuildFile; fileRef = 52B237CA24D645E20081BF55 /* LaunchScreen.storyboard */; };
		52B237D424D646A30081BF55 /* UIKitBroker.swift in Sources */ = {isa = PBXBuildFile; fileRef = 52B237D324D646A30081BF55 /* UIKitBroker.swift */; };
		52B237D724D64B310081BF55 /* HomeView.swift in Sources */ = {isa = PBXBuildFile; fileRef = 52B237D524D64B310081BF55 /* HomeView.swift */; };
		52B237D824D64B310081BF55 /* HomeViewModel.swift in Sources */ = {isa = PBXBuildFile; fileRef = 52B237D624D64B310081BF55 /* HomeViewModel.swift */; };
/* End PBXBuildFile section */

/* Begin PBXFileReference section */
		52B237BC24D645E10081BF55 /* SwiftUIViewOnOrientationChange.app */ = {isa = PBXFileReference; explicitFileType = wrapper.application; includeInIndex = 0; path = SwiftUIViewOnOrientationChange.app; sourceTree = BUILT_PRODUCTS_DIR; };
		52B237BF24D645E10081BF55 /* AppDelegate.swift */ = {isa = PBXFileReference; lastKnownFileType = sourcecode.swift; path = AppDelegate.swift; sourceTree = "<group>"; };
		52B237C124D645E10081BF55 /* SceneDelegate.swift */ = {isa = PBXFileReference; lastKnownFileType = sourcecode.swift; path = SceneDelegate.swift; sourceTree = "<group>"; };
		52B237C524D645E20081BF55 /* Assets.xcassets */ = {isa = PBXFileReference; lastKnownFileType = folder.assetcatalog; path = Assets.xcassets; sourceTree = "<group>"; };
		52B237C824D645E20081BF55 /* Preview Assets.xcassets */ = {isa = PBXFileReference; lastKnownFileType = folder.assetcatalog; path = "Preview Assets.xcassets"; sourceTree = "<group>"; };
		52B237CB24D645E20081BF55 /* Base */ = {isa = PBXFileReference; lastKnownFileType = file.storyboard; name = Base; path = Base.lproj/LaunchScreen.storyboard; sourceTree = "<group>"; };
		52B237CD24D645E20081BF55 /* Info.plist */ = {isa = PBXFileReference; lastKnownFileType = text.plist.xml; path = Info.plist; sourceTree = "<group>"; };
		52B237D324D646A30081BF55 /* UIKitBroker.swift */ = {isa = PBXFileReference; lastKnownFileType = sourcecode.swift; path = UIKitBroker.swift; sourceTree = "<group>"; };
		52B237D524D64B310081BF55 /* HomeView.swift */ = {isa = PBXFileReference; lastKnownFileType = sourcecode.swift; path = HomeView.swift; sourceTree = "<group>"; };
		52B237D624D64B310081BF55 /* HomeViewModel.swift */ = {isa = PBXFileReference; lastKnownFileType = sourcecode.swift; path = HomeViewModel.swift; sourceTree = "<group>"; };
/* End PBXFileReference section */

/* Begin PBXFrameworksBuildPhase section */
		52B237B924D645E10081BF55 /* Frameworks */ = {
			isa = PBXFrameworksBuildPhase;
			buildActionMask = 2147483647;
			files = (
			);
			runOnlyForDeploymentPostprocessing = 0;
		};
/* End PBXFrameworksBuildPhase section */

/* Begin PBXGroup section */
		52B237B324D645E10081BF55 = {
			isa = PBXGroup;
			children = (
				52B237BE24D645E10081BF55 /* SwiftUIViewOnOrientationChange */,
				52B237BD24D645E10081BF55 /* Products */,
			);
			sourceTree = "<group>";
		};
		52B237BD24D645E10081BF55 /* Products */ = {
			isa = PBXGroup;
			children = (
				52B237BC24D645E10081BF55 /* SwiftUIViewOnOrientationChange.app */,
			);
			name = Products;
			sourceTree = "<group>";
		};
		52B237BE24D645E10081BF55 /* SwiftUIViewOnOrientationChange */ = {
			isa = PBXGroup;
			children = (
				52B237BF24D645E10081BF55 /* AppDelegate.swift */,
				52B237C124D645E10081BF55 /* SceneDelegate.swift */,
				52B237D524D64B310081BF55 /* HomeView.swift */,
				52B237D624D64B310081BF55 /* HomeViewModel.swift */,
				52B237D324D646A30081BF55 /* UIKitBroker.swift */,
				52B237C524D645E20081BF55 /* Assets.xcassets */,
				52B237CA24D645E20081BF55 /* LaunchScreen.storyboard */,
				52B237CD24D645E20081BF55 /* Info.plist */,
				52B237C724D645E20081BF55 /* Preview Content */,
			);
			path = SwiftUIViewOnOrientationChange;
			sourceTree = "<group>";
		};
		52B237C724D645E20081BF55 /* Preview Content */ = {
			isa = PBXGroup;
			children = (
				52B237C824D645E20081BF55 /* Preview Assets.xcassets */,
			);
			path = "Preview Content";
			sourceTree = "<group>";
		};
/* End PBXGroup section */

/* Begin PBXNativeTarget section */
		52B237BB24D645E10081BF55 /* SwiftUIViewOnOrientationChange */ = {
			isa = PBXNativeTarget;
			buildConfigurationList = 52B237D024D645E20081BF55 /* Build configuration list for PBXNativeTarget "SwiftUIViewOnOrientationChange" */;
			buildPhases = (
				52B237B824D645E10081BF55 /* Sources */,
				52B237B924D645E10081BF55 /* Frameworks */,
				52B237BA24D645E10081BF55 /* Resources */,
			);
			buildRules = (
			);
			dependencies = (
			);
			name = SwiftUIViewOnOrientationChange;
			productName = SwiftUIViewOnOrientationChange;
			productReference = 52B237BC24D645E10081BF55 /* SwiftUIViewOnOrientationChange.app */;
			productType = "com.apple.product-type.application";
		};
/* End PBXNativeTarget section */

/* Begin PBXProject section */
		52B237B424D645E10081BF55 /* Project object */ = {
			isa = PBXProject;
			attributes = {
				LastSwiftUpdateCheck = 1160;
				LastUpgradeCheck = 1160;
				ORGANIZATIONNAME = Kuang;
				TargetAttributes = {
					52B237BB24D645E10081BF55 = {
						CreatedOnToolsVersion = 11.6;
					};
				};
			};
			buildConfigurationList = 52B237B724D645E10081BF55 /* Build configuration list for PBXProject "SwiftUIViewOnOrientationChange" */;
			compatibilityVersion = "Xcode 9.3";
			developmentRegion = en;
			hasScannedForEncodings = 0;
			knownRegions = (
				en,
				Base,
			);
			mainGroup = 52B237B324D645E10081BF55;
			productRefGroup = 52B237BD24D645E10081BF55 /* Products */;
			projectDirPath = "";
			projectRoot = "";
			targets = (
				52B237BB24D645E10081BF55 /* SwiftUIViewOnOrientationChange */,
			);
		};
/* End PBXProject section */

/* Begin PBXResourcesBuildPhase section */
		52B237BA24D645E10081BF55 /* Resources */ = {
			isa = PBXResourcesBuildPhase;
			buildActionMask = 2147483647;
			files = (
				52B237CC24D645E20081BF55 /* LaunchScreen.storyboard in Resources */,
				52B237C924D645E20081BF55 /* Preview Assets.xcassets in Resources */,
				52B237C624D645E20081BF55 /* Assets.xcassets in Resources */,
			);
			runOnlyForDeploymentPostprocessing = 0;
		};
/* End PBXResourcesBuildPhase section */

/* Begin PBXSourcesBuildPhase section */
		52B237B824D645E10081BF55 /* Sources */ = {
			isa = PBXSourcesBuildPhase;
			buildActionMask = 2147483647;
			files = (
				52B237C024D645E10081BF55 /* AppDelegate.swift in Sources */,
				52B237D724D64B310081BF55 /* HomeView.swift in Sources */,
				52B237C224D645E10081BF55 /* SceneDelegate.swift in Sources */,
				52B237D824D64B310081BF55 /* HomeViewModel.swift in Sources */,
				52B237D424D646A30081BF55 /* UIKitBroker.swift in Sources */,
			);
			runOnlyForDeploymentPostprocessing = 0;
		};
/* End PBXSourcesBuildPhase section */

/* Begin PBXVariantGroup section */
		52B237CA24D645E20081BF55 /* LaunchScreen.storyboard */ = {
			isa = PBXVariantGroup;
			children = (
				52B237CB24D645E20081BF55 /* Base */,
			);
			name = LaunchScreen.storyboard;
			sourceTree = "<group>";
		};
/* End PBXVariantGroup section */

/* Begin XCBuildConfiguration section */
		52B237CE24D645E20081BF55 /* Debug */ = {
			isa = XCBuildConfiguration;
			buildSettings = {
				ALWAYS_SEARCH_USER_PATHS = NO;
				CLANG_ANALYZER_NONNULL = YES;
				CLANG_ANALYZER_NUMBER_OBJECT_CONVERSION = YES_AGGRESSIVE;
				CLANG_CXX_LANGUAGE_STANDARD = "gnu++14";
				CLANG_CXX_LIBRARY = "libc++";
				CLANG_ENABLE_MODULES = YES;
				CLANG_ENABLE_OBJC_ARC = YES;
				CLANG_ENABLE_OBJC_WEAK = YES;
				CLANG_WARN_BLOCK_CAPTURE_AUTORELEASING = YES;
				CLANG_WARN_BOOL_CONVERSION = YES;
				CLANG_WARN_COMMA = YES;
				CLANG_WARN_CONSTANT_CONVERSION = YES;
				CLANG_WARN_DEPRECATED_OBJC_IMPLEMENTATIONS = YES;
				CLANG_WARN_DIRECT_OBJC_ISA_USAGE = YES_ERROR;
				CLANG_WARN_DOCUMENTATION_COMMENTS = YES;
				CLANG_WARN_EMPTY_BODY = YES;
				CLANG_WARN_ENUM_CONVERSION = YES;
				CLANG_WARN_INFINITE_RECURSION = YES;
				CLANG_WARN_INT_CONVERSION = YES;
				CLANG_WARN_NON_LITERAL_NULL_CONVERSION = YES;
				CLANG_WARN_OBJC_IMPLICIT_RETAIN_SELF = YES;
				CLANG_WARN_OBJC_LITERAL_CONVERSION = YES;
				CLANG_WARN_OBJC_ROOT_CLASS = YES_ERROR;
				CLANG_WARN_RANGE_LOOP_ANALYSIS = YES;
				CLANG_WARN_STRICT_PROTOTYPES = YES;
				CLANG_WARN_SUSPICIOUS_MOVE = YES;
				CLANG_WARN_UNGUARDED_AVAILABILITY = YES_AGGRESSIVE;
				CLANG_WARN_UNREACHABLE_CODE = YES;
				CLANG_WARN__DUPLICATE_METHOD_MATCH = YES;
				COPY_PHASE_STRIP = NO;
				DEBUG_INFORMATION_FORMAT = dwarf;
				ENABLE_STRICT_OBJC_MSGSEND = YES;
				ENABLE_TESTABILITY = YES;
				GCC_C_LANGUAGE_STANDARD = gnu11;
				GCC_DYNAMIC_NO_PIC = NO;
				GCC_NO_COMMON_BLOCKS = YES;
				GCC_OPTIMIZATION_LEVEL = 0;
				GCC_PREPROCESSOR_DEFINITIONS = (
					"DEBUG=1",
					"$(inherited)",
				);
				GCC_WARN_64_TO_32_BIT_CONVERSION = YES;
				GCC_WARN_ABOUT_RETURN_TYPE = YES_ERROR;
				GCC_WARN_UNDECLARED_SELECTOR = YES;
				GCC_WARN_UNINITIALIZED_AUTOS = YES_AGGRESSIVE;
				GCC_WARN_UNUSED_FUNCTION = YES;
				GCC_WARN_UNUSED_VARIABLE = YES;
				IPHONEOS_DEPLOYMENT_TARGET = 13.6;
				MTL_ENABLE_DEBUG_INFO = INCLUDE_SOURCE;
				MTL_FAST_MATH = YES;
				ONLY_ACTIVE_ARCH = YES;
				SDKROOT = iphoneos;
				SWIFT_ACTIVE_COMPILATION_CONDITIONS = DEBUG;
				SWIFT_OPTIMIZATION_LEVEL = "-Onone";
			};
			name = Debug;
		};
		52B237CF24D645E20081BF55 /* Release */ = {
			isa = XCBuildConfiguration;
			buildSettings = {
				ALWAYS_SEARCH_USER_PATHS = NO;
				CLANG_ANALYZER_NONNULL = YES;
				CLANG_ANALYZER_NUMBER_OBJECT_CONVERSION = YES_AGGRESSIVE;
				CLANG_CXX_LANGUAGE_STANDARD = "gnu++14";
				CLANG_CXX_LIBRARY = "libc++";
				CLANG_ENABLE_MODULES = YES;
				CLANG_ENABLE_OBJC_ARC = YES;
				CLANG_ENABLE_OBJC_WEAK = YES;
				CLANG_WARN_BLOCK_CAPTURE_AUTORELEASING = YES;
				CLANG_WARN_BOOL_CONVERSION = YES;
				CLANG_WARN_COMMA = YES;
				CLANG_WARN_CONSTANT_CONVERSION = YES;
				CLANG_WARN_DEPRECATED_OBJC_IMPLEMENTATIONS = YES;
				CLANG_WARN_DIRECT_OBJC_ISA_USAGE = YES_ERROR;
				CLANG_WARN_DOCUMENTATION_COMMENTS = YES;
				CLANG_WARN_EMPTY_BODY = YES;
				CLANG_WARN_ENUM_CONVERSION = YES;
				CLANG_WARN_INFINITE_RECURSION = YES;
				CLANG_WARN_INT_CONVERSION = YES;
				CLANG_WARN_NON_LITERAL_NULL_CONVERSION = YES;
				CLANG_WARN_OBJC_IMPLICIT_RETAIN_SELF = YES;
				CLANG_WARN_OBJC_LITERAL_CONVERSION = YES;
				CLANG_WARN_OBJC_ROOT_CLASS = YES_ERROR;
				CLANG_WARN_RANGE_LOOP_ANALYSIS = YES;
				CLANG_WARN_STRICT_PROTOTYPES = YES;
				CLANG_WARN_SUSPICIOUS_MOVE = YES;
				CLANG_WARN_UNGUARDED_AVAILABILITY = YES_AGGRESSIVE;
				CLANG_WARN_UNREACHABLE_CODE = YES;
				CLANG_WARN__DUPLICATE_METHOD_MATCH = YES;
				COPY_PHASE_STRIP = NO;
				DEBUG_INFORMATION_FORMAT = "dwarf-with-dsym";
				ENABLE_NS_ASSERTIONS = NO;
				ENABLE_STRICT_OBJC_MSGSEND = YES;
				GCC_C_LANGUAGE_STANDARD = gnu11;
				GCC_NO_COMMON_BLOCKS = YES;
				GCC_WARN_64_TO_32_BIT_CONVERSION = YES;
				GCC_WARN_ABOUT_RETURN_TYPE = YES_ERROR;
				GCC_WARN_UNDECLARED_SELECTOR = YES;
				GCC_WARN_UNINITIALIZED_AUTOS = YES_AGGRESSIVE;
				GCC_WARN_UNUSED_FUNCTION = YES;
				GCC_WARN_UNUSED_VARIABLE = YES;
				IPHONEOS_DEPLOYMENT_TARGET = 13.6;
				MTL_ENABLE_DEBUG_INFO = NO;
				MTL_FAST_MATH = YES;
				SDKROOT = iphoneos;
				SWIFT_COMPILATION_MODE = wholemodule;
				SWIFT_OPTIMIZATION_LEVEL = "-O";
				VALIDATE_PRODUCT = YES;
			};
			name = Release;
		};
		52B237D124D645E20081BF55 /* Debug */ = {
			isa = XCBuildConfiguration;
			buildSettings = {
				ASSETCATALOG_COMPILER_APPICON_NAME = AppIcon;
				CODE_SIGN_STYLE = Automatic;
				DEVELOPMENT_ASSET_PATHS = "\"SwiftUIViewOnOrientationChange/Preview Content\"";
				ENABLE_PREVIEWS = YES;
				INFOPLIST_FILE = SwiftUIViewOnOrientationChange/Info.plist;
				LD_RUNPATH_SEARCH_PATHS = (
					"$(inherited)",
					"@executable_path/Frameworks",
				);
				PRODUCT_BUNDLE_IDENTIFIER = com.kuang.SwiftUIViewOnOrientationChange;
				PRODUCT_NAME = "$(TARGET_NAME)";
				SWIFT_VERSION = 5.0;
				TARGETED_DEVICE_FAMILY = "1,2";
			};
			name = Debug;
		};
		52B237D224D645E20081BF55 /* Release */ = {
			isa = XCBuildConfiguration;
			buildSettings = {
				ASSETCATALOG_COMPILER_APPICON_NAME = AppIcon;
				CODE_SIGN_STYLE = Automatic;
				DEVELOPMENT_ASSET_PATHS = "\"SwiftUIViewOnOrientationChange/Preview Content\"";
				ENABLE_PREVIEWS = YES;
				INFOPLIST_FILE = SwiftUIViewOnOrientationChange/Info.plist;
				LD_RUNPATH_SEARCH_PATHS = (
					"$(inherited)",
					"@executable_path/Frameworks",
				);
				PRODUCT_BUNDLE_IDENTIFIER = com.kuang.SwiftUIViewOnOrientationChange;
				PRODUCT_NAME = "$(TARGET_NAME)";
				SWIFT_VERSION = 5.0;
				TARGETED_DEVICE_FAMILY = "1,2";
			};
			name = Release;
		};
/* End XCBuildConfiguration section */

/* Begin XCConfigurationList section */
		52B237B724D645E10081BF55 /* Build configuration list for PBXProject "SwiftUIViewOnOrientationChange" */ = {
			isa = XCConfigurationList;
			buildConfigurations = (
				52B237CE24D645E20081BF55 /* Debug */,
				52B237CF24D645E20081BF55 /* Release */,
			);
			defaultConfigurationIsVisible = 0;
			defaultConfigurationName = Release;
		};
		52B237D024D645E20081BF55 /* Build configuration list for PBXNativeTarget "SwiftUIViewOnOrientationChange" */ = {
			isa = XCConfigurationList;
			buildConfigurations = (
				52B237D124D645E20081BF55 /* Debug */,
				52B237D224D645E20081BF55 /* Release */,
			);
			defaultConfigurationIsVisible = 0;
			defaultConfigurationName = Release;
		};
/* End XCConfigurationList section */
	};
	rootObject = 52B237B424D645E10081BF55 /* Project object */;
}
